// !$*UTF8*$!
{
	archiveVersion = 1;
	classes = {
	};
	objectVersion = 50;
	objects = {

/* Begin PBXBuildFile section */
		ABB1245225E645E600A475E5 /* AppDelegate.swift in Sources */ = {isa = PBXBuildFile; fileRef = ABB1245125E645E600A475E5 /* AppDelegate.swift */; };
		ABB1245425E645E600A475E5 /* SceneDelegate.swift in Sources */ = {isa = PBXBuildFile; fileRef = ABB1245325E645E600A475E5 /* SceneDelegate.swift */; };
		ABB1245625E645E600A475E5 /* ViewController.swift in Sources */ = {isa = PBXBuildFile; fileRef = ABB1245525E645E600A475E5 /* ViewController.swift */; };
		ABB1245925E645E600A475E5 /* Main.storyboard in Resources */ = {isa = PBXBuildFile; fileRef = ABB1245725E645E600A475E5 /* Main.storyboard */; };
		ABB1245B25E645EA00A475E5 /* Assets.xcassets in Resources */ = {isa = PBXBuildFile; fileRef = ABB1245A25E645EA00A475E5 /* Assets.xcassets */; };
		ABB1245E25E645EA00A475E5 /* LaunchScreen.storyboard in Resources */ = {isa = PBXBuildFile; fileRef = ABB1245C25E645EA00A475E5 /* LaunchScreen.storyboard */; };
		ABB1246F25E6466400A475E5 /* main.swift in Sources */ = {isa = PBXBuildFile; fileRef = ABB1246E25E6466400A475E5 /* main.swift */; };
		ABB1247625E647A700A475E5 /* Operation.swift in Sources */ = {isa = PBXBuildFile; fileRef = ABB1247525E647A700A475E5 /* Operation.swift */; };
		ABB1248025E64CC700A475E5 /* main.swift in Sources */ = {isa = PBXBuildFile; fileRef = ABB1247F25E64CC700A475E5 /* main.swift */; };
		ABB1248825E64D7100A475E5 /* Log.swift in Sources */ = {isa = PBXBuildFile; fileRef = ABB1248725E64D7100A475E5 /* Log.swift */; };
		ABB1248D25E6535200A475E5 /* Promotion.swift in Sources */ = {isa = PBXBuildFile; fileRef = ABB1248C25E6535200A475E5 /* Promotion.swift */; };
		ABB1249225E6759500A475E5 /* Operation.swift in Sources */ = {isa = PBXBuildFile; fileRef = ABB1249125E6759500A475E5 /* Operation.swift */; };
/* End PBXBuildFile section */

/* Begin PBXCopyFilesBuildPhase section */
		ABB1246A25E6466400A475E5 /* CopyFiles */ = {
			isa = PBXCopyFilesBuildPhase;
			buildActionMask = 2147483647;
			dstPath = /usr/share/man/man1/;
			dstSubfolderSpec = 0;
			files = (
			);
			runOnlyForDeploymentPostprocessing = 1;
		};
		ABB1247B25E64CC700A475E5 /* CopyFiles */ = {
			isa = PBXCopyFilesBuildPhase;
			buildActionMask = 2147483647;
			dstPath = /usr/share/man/man1/;
			dstSubfolderSpec = 0;
			files = (
			);
			runOnlyForDeploymentPostprocessing = 1;
		};
/* End PBXCopyFilesBuildPhase section */

/* Begin PBXFileReference section */
		ABB1244E25E645E600A475E5 /* Creational_Patterns.app */ = {isa = PBXFileReference; explicitFileType = wrapper.application; includeInIndex = 0; path = Creational_Patterns.app; sourceTree = BUILT_PRODUCTS_DIR; };
		ABB1245125E645E600A475E5 /* AppDelegate.swift */ = {isa = PBXFileReference; lastKnownFileType = sourcecode.swift; path = AppDelegate.swift; sourceTree = "<group>"; };
		ABB1245325E645E600A475E5 /* SceneDelegate.swift */ = {isa = PBXFileReference; lastKnownFileType = sourcecode.swift; path = SceneDelegate.swift; sourceTree = "<group>"; };
		ABB1245525E645E600A475E5 /* ViewController.swift */ = {isa = PBXFileReference; lastKnownFileType = sourcecode.swift; path = ViewController.swift; sourceTree = "<group>"; };
		ABB1245825E645E600A475E5 /* Base */ = {isa = PBXFileReference; lastKnownFileType = file.storyboard; name = Base; path = Base.lproj/Main.storyboard; sourceTree = "<group>"; };
		ABB1245A25E645EA00A475E5 /* Assets.xcassets */ = {isa = PBXFileReference; lastKnownFileType = folder.assetcatalog; path = Assets.xcassets; sourceTree = "<group>"; };
		ABB1245D25E645EA00A475E5 /* Base */ = {isa = PBXFileReference; lastKnownFileType = file.storyboard; name = Base; path = Base.lproj/LaunchScreen.storyboard; sourceTree = "<group>"; };
		ABB1245F25E645EA00A475E5 /* Info.plist */ = {isa = PBXFileReference; lastKnownFileType = text.plist.xml; path = Info.plist; sourceTree = "<group>"; };
		ABB1246C25E6466400A475E5 /* Simple Factory */ = {isa = PBXFileReference; explicitFileType = "compiled.mach-o.executable"; includeInIndex = 0; path = "Simple Factory"; sourceTree = BUILT_PRODUCTS_DIR; };
		ABB1246E25E6466400A475E5 /* main.swift */ = {isa = PBXFileReference; lastKnownFileType = sourcecode.swift; path = main.swift; sourceTree = "<group>"; };
		ABB1247525E647A700A475E5 /* Operation.swift */ = {isa = PBXFileReference; lastKnownFileType = sourcecode.swift; path = Operation.swift; sourceTree = "<group>"; };
		ABB1247D25E64CC700A475E5 /* Factory Method */ = {isa = PBXFileReference; explicitFileType = "compiled.mach-o.executable"; includeInIndex = 0; path = "Factory Method"; sourceTree = BUILT_PRODUCTS_DIR; };
		ABB1247F25E64CC700A475E5 /* main.swift */ = {isa = PBXFileReference; lastKnownFileType = sourcecode.swift; path = main.swift; sourceTree = "<group>"; };
		ABB1248725E64D7100A475E5 /* Log.swift */ = {isa = PBXFileReference; lastKnownFileType = sourcecode.swift; path = Log.swift; sourceTree = "<group>"; };
		ABB1248C25E6535200A475E5 /* Promotion.swift */ = {isa = PBXFileReference; lastKnownFileType = sourcecode.swift; path = Promotion.swift; sourceTree = "<group>"; };
		ABB1249125E6759500A475E5 /* Operation.swift */ = {isa = PBXFileReference; lastKnownFileType = sourcecode.swift; path = Operation.swift; sourceTree = "<group>"; };
/* End PBXFileReference section */

/* Begin PBXFrameworksBuildPhase section */
		ABB1244B25E645E600A475E5 /* Frameworks */ = {
			isa = PBXFrameworksBuildPhase;
			buildActionMask = 2147483647;
			files = (
			);
			runOnlyForDeploymentPostprocessing = 0;
		};
		ABB1246925E6466400A475E5 /* Frameworks */ = {
			isa = PBXFrameworksBuildPhase;
			buildActionMask = 2147483647;
			files = (
			);
			runOnlyForDeploymentPostprocessing = 0;
		};
		ABB1247A25E64CC700A475E5 /* Frameworks */ = {
			isa = PBXFrameworksBuildPhase;
			buildActionMask = 2147483647;
			files = (
			);
			runOnlyForDeploymentPostprocessing = 0;
		};
/* End PBXFrameworksBuildPhase section */

/* Begin PBXGroup section */
		ABB1244525E645E600A475E5 = {
			isa = PBXGroup;
			children = (
				ABB1245025E645E600A475E5 /* Creational_Patterns */,
				ABB1246D25E6466400A475E5 /* Simple Factory */,
				ABB1247E25E64CC700A475E5 /* Factory Method */,
				ABB1244F25E645E600A475E5 /* Products */,
			);
			sourceTree = "<group>";
		};
		ABB1244F25E645E600A475E5 /* Products */ = {
			isa = PBXGroup;
			children = (
				ABB1244E25E645E600A475E5 /* Creational_Patterns.app */,
				ABB1246C25E6466400A475E5 /* Simple Factory */,
				ABB1247D25E64CC700A475E5 /* Factory Method */,
			);
			name = Products;
			sourceTree = "<group>";
		};
		ABB1245025E645E600A475E5 /* Creational_Patterns */ = {
			isa = PBXGroup;
			children = (
				ABB1245125E645E600A475E5 /* AppDelegate.swift */,
				ABB1245325E645E600A475E5 /* SceneDelegate.swift */,
				ABB1245525E645E600A475E5 /* ViewController.swift */,
				ABB1245725E645E600A475E5 /* Main.storyboard */,
				ABB1245A25E645EA00A475E5 /* Assets.xcassets */,
				ABB1245C25E645EA00A475E5 /* LaunchScreen.storyboard */,
				ABB1245F25E645EA00A475E5 /* Info.plist */,
			);
			path = Creational_Patterns;
			sourceTree = "<group>";
		};
		ABB1246D25E6466400A475E5 /* Simple Factory */ = {
			isa = PBXGroup;
			children = (
				ABB1246E25E6466400A475E5 /* main.swift */,
				ABB1247525E647A700A475E5 /* Operation.swift */,
			);
			path = "Simple Factory";
			sourceTree = "<group>";
		};
		ABB1247E25E64CC700A475E5 /* Factory Method */ = {
			isa = PBXGroup;
			children = (
				ABB1247F25E64CC700A475E5 /* main.swift */,
				ABB1249125E6759500A475E5 /* Operation.swift */,
				ABB1248725E64D7100A475E5 /* Log.swift */,
				ABB1248C25E6535200A475E5 /* Promotion.swift */,
			);
			path = "Factory Method";
			sourceTree = "<group>";
		};
/* End PBXGroup section */

/* Begin PBXNativeTarget section */
		ABB1244D25E645E600A475E5 /* Creational_Patterns */ = {
			isa = PBXNativeTarget;
			buildConfigurationList = ABB1246225E645EA00A475E5 /* Build configuration list for PBXNativeTarget "Creational_Patterns" */;
			buildPhases = (
				ABB1244A25E645E600A475E5 /* Sources */,
				ABB1244B25E645E600A475E5 /* Frameworks */,
				ABB1244C25E645E600A475E5 /* Resources */,
			);
			buildRules = (
			);
			dependencies = (
			);
			name = Creational_Patterns;
			productName = Creational_Patterns;
			productReference = ABB1244E25E645E600A475E5 /* Creational_Patterns.app */;
			productType = "com.apple.product-type.application";
		};
		ABB1246B25E6466400A475E5 /* Simple Factory */ = {
			isa = PBXNativeTarget;
			buildConfigurationList = ABB1247025E6466400A475E5 /* Build configuration list for PBXNativeTarget "Simple Factory" */;
			buildPhases = (
				ABB1246825E6466400A475E5 /* Sources */,
				ABB1246925E6466400A475E5 /* Frameworks */,
				ABB1246A25E6466400A475E5 /* CopyFiles */,
			);
			buildRules = (
			);
			dependencies = (
			);
			name = "Simple Factory";
			productName = "Simple Factory";
			productReference = ABB1246C25E6466400A475E5 /* Simple Factory */;
			productType = "com.apple.product-type.tool";
		};
		ABB1247C25E64CC700A475E5 /* Factory Method */ = {
			isa = PBXNativeTarget;
			buildConfigurationList = ABB1248125E64CC700A475E5 /* Build configuration list for PBXNativeTarget "Factory Method" */;
			buildPhases = (
				ABB1247925E64CC700A475E5 /* Sources */,
				ABB1247A25E64CC700A475E5 /* Frameworks */,
				ABB1247B25E64CC700A475E5 /* CopyFiles */,
			);
			buildRules = (
			);
			dependencies = (
			);
			name = "Factory Method";
			productName = "Factory Method";
			productReference = ABB1247D25E64CC700A475E5 /* Factory Method */;
			productType = "com.apple.product-type.tool";
		};
/* End PBXNativeTarget section */

/* Begin PBXProject section */
		ABB1244625E645E600A475E5 /* Project object */ = {
			isa = PBXProject;
			attributes = {
				LastSwiftUpdateCheck = 1240;
				LastUpgradeCheck = 1240;
				TargetAttributes = {
					ABB1244D25E645E600A475E5 = {
						CreatedOnToolsVersion = 12.4;
					};
					ABB1246B25E6466400A475E5 = {
						CreatedOnToolsVersion = 12.4;
					};
					ABB1247C25E64CC700A475E5 = {
						CreatedOnToolsVersion = 12.4;
					};
				};
			};
			buildConfigurationList = ABB1244925E645E600A475E5 /* Build configuration list for PBXProject "Creational_Patterns" */;
			compatibilityVersion = "Xcode 9.3";
			developmentRegion = en;
			hasScannedForEncodings = 0;
			knownRegions = (
				en,
				Base,
			);
			mainGroup = ABB1244525E645E600A475E5;
			productRefGroup = ABB1244F25E645E600A475E5 /* Products */;
			projectDirPath = "";
			projectRoot = "";
			targets = (
				ABB1244D25E645E600A475E5 /* Creational_Patterns */,
				ABB1246B25E6466400A475E5 /* Simple Factory */,
				ABB1247C25E64CC700A475E5 /* Factory Method */,
			);
		};
/* End PBXProject section */

/* Begin PBXResourcesBuildPhase section */
		ABB1244C25E645E600A475E5 /* Resources */ = {
			isa = PBXResourcesBuildPhase;
			buildActionMask = 2147483647;
			files = (
				ABB1245E25E645EA00A475E5 /* LaunchScreen.storyboard in Resources */,
				ABB1245B25E645EA00A475E5 /* Assets.xcassets in Resources */,
				ABB1245925E645E600A475E5 /* Main.storyboard in Resources */,
			);
			runOnlyForDeploymentPostprocessing = 0;
		};
/* End PBXResourcesBuildPhase section */

/* Begin PBXSourcesBuildPhase section */
		ABB1244A25E645E600A475E5 /* Sources */ = {
			isa = PBXSourcesBuildPhase;
			buildActionMask = 2147483647;
			files = (
				ABB1245625E645E600A475E5 /* ViewController.swift in Sources */,
				ABB1245225E645E600A475E5 /* AppDelegate.swift in Sources */,
				ABB1245425E645E600A475E5 /* SceneDelegate.swift in Sources */,
			);
			runOnlyForDeploymentPostprocessing = 0;
		};
		ABB1246825E6466400A475E5 /* Sources */ = {
			isa = PBXSourcesBuildPhase;
			buildActionMask = 2147483647;
			files = (
				ABB1246F25E6466400A475E5 /* main.swift in Sources */,
				ABB1247625E647A700A475E5 /* Operation.swift in Sources */,
			);
			runOnlyForDeploymentPostprocessing = 0;
		};
		ABB1247925E64CC700A475E5 /* Sources */ = {
			isa = PBXSourcesBuildPhase;
			buildActionMask = 2147483647;
			files = (
				ABB1248825E64D7100A475E5 /* Log.swift in Sources */,
				ABB1248025E64CC700A475E5 /* main.swift in Sources */,
				ABB1248D25E6535200A475E5 /* Promotion.swift in Sources */,
				ABB1249225E6759500A475E5 /* Operation.swift in Sources */,
			);
			runOnlyForDeploymentPostprocessing = 0;
		};
/* End PBXSourcesBuildPhase section */

/* Begin PBXVariantGroup section */
		ABB1245725E645E600A475E5 /* Main.storyboard */ = {
			isa = PBXVariantGroup;
			children = (
				ABB1245825E645E600A475E5 /* Base */,
			);
			name = Main.storyboard;
			sourceTree = "<group>";
		};
		ABB1245C25E645EA00A475E5 /* LaunchScreen.storyboard */ = {
			isa = PBXVariantGroup;
			children = (
				ABB1245D25E645EA00A475E5 /* Base */,
			);
			name = LaunchScreen.storyboard;
			sourceTree = "<group>";
		};
/* End PBXVariantGroup section */

/* Begin XCBuildConfiguration section */
		ABB1246025E645EA00A475E5 /* Debug */ = {
			isa = XCBuildConfiguration;
			buildSettings = {
				ALWAYS_SEARCH_USER_PATHS = NO;
				CLANG_ANALYZER_NONNULL = YES;
				CLANG_ANALYZER_NUMBER_OBJECT_CONVERSION = YES_AGGRESSIVE;
				CLANG_CXX_LANGUAGE_STANDARD = "gnu++14";
				CLANG_CXX_LIBRARY = "libc++";
				CLANG_ENABLE_MODULES = YES;
				CLANG_ENABLE_OBJC_ARC = YES;
				CLANG_ENABLE_OBJC_WEAK = YES;
				CLANG_WARN_BLOCK_CAPTURE_AUTORELEASING = YES;
				CLANG_WARN_BOOL_CONVERSION = YES;
				CLANG_WARN_COMMA = YES;
				CLANG_WARN_CONSTANT_CONVERSION = YES;
				CLANG_WARN_DEPRECATED_OBJC_IMPLEMENTATIONS = YES;
				CLANG_WARN_DIRECT_OBJC_ISA_USAGE = YES_ERROR;
				CLANG_WARN_DOCUMENTATION_COMMENTS = YES;
				CLANG_WARN_EMPTY_BODY = YES;
				CLANG_WARN_ENUM_CONVERSION = YES;
				CLANG_WARN_INFINITE_RECURSION = YES;
				CLANG_WARN_INT_CONVERSION = YES;
				CLANG_WARN_NON_LITERAL_NULL_CONVERSION = YES;
				CLANG_WARN_OBJC_IMPLICIT_RETAIN_SELF = YES;
				CLANG_WARN_OBJC_LITERAL_CONVERSION = YES;
				CLANG_WARN_OBJC_ROOT_CLASS = YES_ERROR;
				CLANG_WARN_QUOTED_INCLUDE_IN_FRAMEWORK_HEADER = YES;
				CLANG_WARN_RANGE_LOOP_ANALYSIS = YES;
				CLANG_WARN_STRICT_PROTOTYPES = YES;
				CLANG_WARN_SUSPICIOUS_MOVE = YES;
				CLANG_WARN_UNGUARDED_AVAILABILITY = YES_AGGRESSIVE;
				CLANG_WARN_UNREACHABLE_CODE = YES;
				CLANG_WARN__DUPLICATE_METHOD_MATCH = YES;
				COPY_PHASE_STRIP = NO;
				DEBUG_INFORMATION_FORMAT = dwarf;
				ENABLE_STRICT_OBJC_MSGSEND = YES;
				ENABLE_TESTABILITY = YES;
				GCC_C_LANGUAGE_STANDARD = gnu11;
				GCC_DYNAMIC_NO_PIC = NO;
				GCC_NO_COMMON_BLOCKS = YES;
				GCC_OPTIMIZATION_LEVEL = 0;
				GCC_PREPROCESSOR_DEFINITIONS = (
					"DEBUG=1",
					"$(inherited)",
				);
				GCC_WARN_64_TO_32_BIT_CONVERSION = YES;
				GCC_WARN_ABOUT_RETURN_TYPE = YES_ERROR;
				GCC_WARN_UNDECLARED_SELECTOR = YES;
				GCC_WARN_UNINITIALIZED_AUTOS = YES_AGGRESSIVE;
				GCC_WARN_UNUSED_FUNCTION = YES;
				GCC_WARN_UNUSED_VARIABLE = YES;
				IPHONEOS_DEPLOYMENT_TARGET = 13;
				MTL_ENABLE_DEBUG_INFO = INCLUDE_SOURCE;
				MTL_FAST_MATH = YES;
				ONLY_ACTIVE_ARCH = YES;
				SDKROOT = iphoneos;
				SWIFT_ACTIVE_COMPILATION_CONDITIONS = DEBUG;
				SWIFT_OPTIMIZATION_LEVEL = "-Onone";
			};
			name = Debug;
		};
		ABB1246125E645EA00A475E5 /* Release */ = {
			isa = XCBuildConfiguration;
			buildSettings = {
				ALWAYS_SEARCH_USER_PATHS = NO;
				CLANG_ANALYZER_NONNULL = YES;
				CLANG_ANALYZER_NUMBER_OBJECT_CONVERSION = YES_AGGRESSIVE;
				CLANG_CXX_LANGUAGE_STANDARD = "gnu++14";
				CLANG_CXX_LIBRARY = "libc++";
				CLANG_ENABLE_MODULES = YES;
				CLANG_ENABLE_OBJC_ARC = YES;
				CLANG_ENABLE_OBJC_WEAK = YES;
				CLANG_WARN_BLOCK_CAPTURE_AUTORELEASING = YES;
				CLANG_WARN_BOOL_CONVERSION = YES;
				CLANG_WARN_COMMA = YES;
				CLANG_WARN_CONSTANT_CONVERSION = YES;
				CLANG_WARN_DEPRECATED_OBJC_IMPLEMENTATIONS = YES;
				CLANG_WARN_DIRECT_OBJC_ISA_USAGE = YES_ERROR;
				CLANG_WARN_DOCUMENTATION_COMMENTS = YES;
				CLANG_WARN_EMPTY_BODY = YES;
				CLANG_WARN_ENUM_CONVERSION = YES;
				CLANG_WARN_INFINITE_RECURSION = YES;
				CLANG_WARN_INT_CONVERSION = YES;
				CLANG_WARN_NON_LITERAL_NULL_CONVERSION = YES;
				CLANG_WARN_OBJC_IMPLICIT_RETAIN_SELF = YES;
				CLANG_WARN_OBJC_LITERAL_CONVERSION = YES;
				CLANG_WARN_OBJC_ROOT_CLASS = YES_ERROR;
				CLANG_WARN_QUOTED_INCLUDE_IN_FRAMEWORK_HEADER = YES;
				CLANG_WARN_RANGE_LOOP_ANALYSIS = YES;
				CLANG_WARN_STRICT_PROTOTYPES = YES;
				CLANG_WARN_SUSPICIOUS_MOVE = YES;
				CLANG_WARN_UNGUARDED_AVAILABILITY = YES_AGGRESSIVE;
				CLANG_WARN_UNREACHABLE_CODE = YES;
				CLANG_WARN__DUPLICATE_METHOD_MATCH = YES;
				COPY_PHASE_STRIP = NO;
				DEBUG_INFORMATION_FORMAT = "dwarf-with-dsym";
				ENABLE_NS_ASSERTIONS = NO;
				ENABLE_STRICT_OBJC_MSGSEND = YES;
				GCC_C_LANGUAGE_STANDARD = gnu11;
				GCC_NO_COMMON_BLOCKS = YES;
				GCC_WARN_64_TO_32_BIT_CONVERSION = YES;
				GCC_WARN_ABOUT_RETURN_TYPE = YES_ERROR;
				GCC_WARN_UNDECLARED_SELECTOR = YES;
				GCC_WARN_UNINITIALIZED_AUTOS = YES_AGGRESSIVE;
				GCC_WARN_UNUSED_FUNCTION = YES;
				GCC_WARN_UNUSED_VARIABLE = YES;
				IPHONEOS_DEPLOYMENT_TARGET = 13;
				MTL_ENABLE_DEBUG_INFO = NO;
				MTL_FAST_MATH = YES;
				SDKROOT = iphoneos;
				SWIFT_COMPILATION_MODE = wholemodule;
				SWIFT_OPTIMIZATION_LEVEL = "-O";
				VALIDATE_PRODUCT = YES;
			};
			name = Release;
		};
		ABB1246325E645EA00A475E5 /* Debug */ = {
			isa = XCBuildConfiguration;
			buildSettings = {
				ASSETCATALOG_COMPILER_APPICON_NAME = AppIcon;
				ASSETCATALOG_COMPILER_GLOBAL_ACCENT_COLOR_NAME = AccentColor;
				CODE_SIGN_STYLE = Automatic;
				DEVELOPMENT_TEAM = 2LF694Y87U;
				INFOPLIST_FILE = Creational_Patterns/Info.plist;
				LD_RUNPATH_SEARCH_PATHS = (
					"$(inherited)",
					"@executable_path/Frameworks",
				);
				PRODUCT_BUNDLE_IDENTIFIER = "com.ziyingtech.Creational-Patterns";
				PRODUCT_NAME = "$(TARGET_NAME)";
				SWIFT_VERSION = 5.0;
				TARGETED_DEVICE_FAMILY = "1,2";
			};
			name = Debug;
		};
		ABB1246425E645EA00A475E5 /* Release */ = {
			isa = XCBuildConfiguration;
			buildSettings = {
				ASSETCATALOG_COMPILER_APPICON_NAME = AppIcon;
				ASSETCATALOG_COMPILER_GLOBAL_ACCENT_COLOR_NAME = AccentColor;
				CODE_SIGN_STYLE = Automatic;
				DEVELOPMENT_TEAM = 2LF694Y87U;
				INFOPLIST_FILE = Creational_Patterns/Info.plist;
				LD_RUNPATH_SEARCH_PATHS = (
					"$(inherited)",
					"@executable_path/Frameworks",
				);
				PRODUCT_BUNDLE_IDENTIFIER = "com.ziyingtech.Creational-Patterns";
				PRODUCT_NAME = "$(TARGET_NAME)";
				SWIFT_VERSION = 5.0;
				TARGETED_DEVICE_FAMILY = "1,2";
			};
			name = Release;
		};
		ABB1247125E6466400A475E5 /* Debug */ = {
			isa = XCBuildConfiguration;
			buildSettings = {
				CODE_SIGN_STYLE = Automatic;
				DEVELOPMENT_TEAM = 2LF694Y87U;
				ENABLE_HARDENED_RUNTIME = YES;
				MACOSX_DEPLOYMENT_TARGET = 11.1;
				PRODUCT_NAME = "$(TARGET_NAME)";
				SDKROOT = macosx;
				SWIFT_VERSION = 5.0;
			};
			name = Debug;
		};
		ABB1247225E6466400A475E5 /* Release */ = {
			isa = XCBuildConfiguration;
			buildSettings = {
				CODE_SIGN_STYLE = Automatic;
				DEVELOPMENT_TEAM = 2LF694Y87U;
				ENABLE_HARDENED_RUNTIME = YES;
				MACOSX_DEPLOYMENT_TARGET = 11.1;
				PRODUCT_NAME = "$(TARGET_NAME)";
				SDKROOT = macosx;
				SWIFT_VERSION = 5.0;
			};
			name = Release;
		};
		ABB1248225E64CC700A475E5 /* Debug */ = {
			isa = XCBuildConfiguration;
			buildSettings = {
				CODE_SIGN_STYLE = Automatic;
				DEVELOPMENT_TEAM = 2LF694Y87U;
				ENABLE_HARDENED_RUNTIME = YES;
				MACOSX_DEPLOYMENT_TARGET = 11.1;
				PRODUCT_NAME = "$(TARGET_NAME)";
				SDKROOT = macosx;
				SWIFT_VERSION = 5.0;
			};
			name = Debug;
		};
		ABB1248325E64CC700A475E5 /* Release */ = {
			isa = XCBuildConfiguration;
			buildSettings = {
				CODE_SIGN_STYLE = Automatic;
				DEVELOPMENT_TEAM = 2LF694Y87U;
				ENABLE_HARDENED_RUNTIME = YES;
				MACOSX_DEPLOYMENT_TARGET = 11.1;
				PRODUCT_NAME = "$(TARGET_NAME)";
				SDKROOT = macosx;
				SWIFT_VERSION = 5.0;
			};
			name = Release;
		};
/* End XCBuildConfiguration section */

/* Begin XCConfigurationList section */
		ABB1244925E645E600A475E5 /* Build configuration list for PBXProject "Creational_Patterns" */ = {
			isa = XCConfigurationList;
			buildConfigurations = (
				ABB1246025E645EA00A475E5 /* Debug */,
				ABB1246125E645EA00A475E5 /* Release */,
			);
			defaultConfigurationIsVisible = 0;
			defaultConfigurationName = Release;
		};
		ABB1246225E645EA00A475E5 /* Build configuration list for PBXNativeTarget "Creational_Patterns" */ = {
			isa = XCConfigurationList;
			buildConfigurations = (
				ABB1246325E645EA00A475E5 /* Debug */,
				ABB1246425E645EA00A475E5 /* Release */,
			);
			defaultConfigurationIsVisible = 0;
			defaultConfigurationName = Release;
		};
		ABB1247025E6466400A475E5 /* Build configuration list for PBXNativeTarget "Simple Factory" */ = {
			isa = XCConfigurationList;
			buildConfigurations = (
				ABB1247125E6466400A475E5 /* Debug */,
				ABB1247225E6466400A475E5 /* Release */,
			);
			defaultConfigurationIsVisible = 0;
			defaultConfigurationName = Release;
		};
		ABB1248125E64CC700A475E5 /* Build configuration list for PBXNativeTarget "Factory Method" */ = {
			isa = XCConfigurationList;
			buildConfigurations = (
				ABB1248225E64CC700A475E5 /* Debug */,
				ABB1248325E64CC700A475E5 /* Release */,
			);
			defaultConfigurationIsVisible = 0;
			defaultConfigurationName = Release;
		};
/* End XCConfigurationList section */
	};
	rootObject = ABB1244625E645E600A475E5 /* Project object */;
}
